
Microsoft Visual Studio Solution File, Format Version 12.00
# Visual Studio Version 17
Project("{8BC9CEB8-8B4A-11D0-8D11-00A0C91BC942}") = "ALL_BUILD", "ALL_BUILD.vcxproj", "{1D3DE22A-95D5-3704-8413-7A2240A44195}"
	ProjectSection(ProjectDependencies) = postProject
		{ECD38AC2-1438-39D5-8661-0D3BBA7D9222} = {ECD38AC2-1438-39D5-8661-0D3BBA7D9222}
		{B933F17E-770C-30C7-B765-4B38340D45AC} = {B933F17E-770C-30C7-B765-4B38340D45AC}
		{C8B52BEE-B288-3271-822A-13B5AC90613A} = {C8B52BEE-B288-3271-822A-13B5AC90613A}
		{A187817D-B4B9-3065-90D0-718EA0DBCA62} = {A187817D-B4B9-3065-90D0-718EA0DBCA62}
	EndProjectSection
EndProject
Project("{8BC9CEB8-8B4A-11D0-8D11-00A0C91BC942}") = "Clipper2", "..\clipper2\Clipper2.vcxproj", "{39C7AF86-6A2E-39D5-95D3-29BE22D02C41}"
	ProjectSection(ProjectDependencies) = postProject
		{ECD38AC2-1438-39D5-8661-0D3BBA7D9222} = {ECD38AC2-1438-39D5-8661-0D3BBA7D9222}
	EndProjectSection
EndProject
Project("{8BC9CEB8-8B4A-11D0-8D11-00A0C91BC942}") = "INSTALL", "INSTALL.vcxproj", "{B5990FCA-F2C1-391C-B4D2-48F14EF48BBC}"
	ProjectSection(ProjectDependencies) = postProject
		{1D3DE22A-95D5-3704-8413-7A2240A44195} = {1D3DE22A-95D5-3704-8413-7A2240A44195}
		{ECD38AC2-1438-39D5-8661-0D3BBA7D9222} = {ECD38AC2-1438-39D5-8661-0D3BBA7D9222}
	EndProjectSection
EndProject
Project("{8BC9CEB8-8B4A-11D0-8D11-00A0C91BC942}") = "PACKAGE", "PACKAGE.vcxproj", "{C8A8CD9E-EE81-36CB-8B27-8AEB34FE58B9}"
	ProjectSection(ProjectDependencies) = postProject
		{1D3DE22A-95D5-3704-8413-7A2240A44195} = {1D3DE22A-95D5-3704-8413-7A2240A44195}
		{ECD38AC2-1438-39D5-8661-0D3BBA7D9222} = {ECD38AC2-1438-39D5-8661-0D3BBA7D9222}
	EndProjectSection
EndProject
Project("{8BC9CEB8-8B4A-11D0-8D11-00A0C91BC942}") = "RUN_TESTS", "RUN_TESTS.vcxproj", "{16A7A38E-0182-30FD-B958-80EAA2A26ABF}"
	ProjectSection(ProjectDependencies) = postProject
		{ECD38AC2-1438-39D5-8661-0D3BBA7D9222} = {ECD38AC2-1438-39D5-8661-0D3BBA7D9222}
	EndProjectSection
EndProject
Project("{8BC9CEB8-8B4A-11D0-8D11-00A0C91BC942}") = "ZERO_CHECK", "..\..\ZERO_CHECK.vcxproj", "{ECD38AC2-1438-39D5-8661-0D3BBA7D9222}"
	ProjectSection(ProjectDependencies) = postProject
	EndProjectSection
EndProject
Project("{8BC9CEB8-8B4A-11D0-8D11-00A0C91BC942}") = "admesh", "..\admesh\admesh.vcxproj", "{93F198F3-E56E-3B96-A3AC-A42229A13C63}"
	ProjectSection(ProjectDependencies) = postProject
		{ECD38AC2-1438-39D5-8661-0D3BBA7D9222} = {ECD38AC2-1438-39D5-8661-0D3BBA7D9222}
	EndProjectSection
EndProject
Project("{8BC9CEB8-8B4A-11D0-8D11-00A0C91BC942}") = "clipper", "..\clipper\clipper.vcxproj", "{DF9A239B-308B-31A2-A0E5-F2526202F25D}"
	ProjectSection(ProjectDependencies) = postProject
		{ECD38AC2-1438-39D5-8661-0D3BBA7D9222} = {ECD38AC2-1438-39D5-8661-0D3BBA7D9222}
	EndProjectSection
EndProject
Project("{8BC9CEB8-8B4A-11D0-8D11-00A0C91BC942}") = "glu-libtess", "..\glu-libtess\glu-libtess.vcxproj", "{6FA9C23C-9790-37B3-A48B-64576D3027B1}"
	ProjectSection(ProjectDependencies) = postProject
		{ECD38AC2-1438-39D5-8661-0D3BBA7D9222} = {ECD38AC2-1438-39D5-8661-0D3BBA7D9222}
	EndProjectSection
EndProject
Project("{8BC9CEB8-8B4A-11D0-8D11-00A0C91BC942}") = "libnest2d", "..\libnest2d\libnest2d.vcxproj", "{B933F17E-770C-30C7-B765-4B38340D45AC}"
	ProjectSection(ProjectDependencies) = postProject
		{75232CA9-B83E-33CC-B963-4A00F2A268A4} = {75232CA9-B83E-33CC-B963-4A00F2A268A4}
	EndProjectSection
EndProject
Project("{8BC9CEB8-8B4A-11D0-8D11-00A0C91BC942}") = "libslic3r", "libslic3r.vcxproj", "{75232CA9-B83E-33CC-B963-4A00F2A268A4}"
	ProjectSection(ProjectDependencies) = postProject
		{39C7AF86-6A2E-39D5-95D3-29BE22D02C41} = {39C7AF86-6A2E-39D5-95D3-29BE22D02C41}
		{ECD38AC2-1438-39D5-8661-0D3BBA7D9222} = {ECD38AC2-1438-39D5-8661-0D3BBA7D9222}
		{93F198F3-E56E-3B96-A3AC-A42229A13C63} = {93F198F3-E56E-3B96-A3AC-A42229A13C63}
		{DF9A239B-308B-31A2-A0E5-F2526202F25D} = {DF9A239B-308B-31A2-A0E5-F2526202F25D}
		{6FA9C23C-9790-37B3-A48B-64576D3027B1} = {6FA9C23C-9790-37B3-A48B-64576D3027B1}
		{C8B52BEE-B288-3271-822A-13B5AC90613A} = {C8B52BEE-B288-3271-822A-13B5AC90613A}
		{A187817D-B4B9-3065-90D0-718EA0DBCA62} = {A187817D-B4B9-3065-90D0-718EA0DBCA62}
		{163F8B09-4318-30A4-9BDD-B46156CFC7D9} = {163F8B09-4318-30A4-9BDD-B46156CFC7D9}
		{3E0E7662-B697-34BE-AD12-EC37E321A831} = {3E0E7662-B697-34BE-AD12-EC37E321A831}
		{88C57FEC-08DE-3633-88C6-4222FAF9AEAB} = {88C57FEC-08DE-3633-88C6-4222FAF9AEAB}
		{BB6EAE4D-0379-3A50-ABCB-B00A48F74AEB} = {BB6EAE4D-0379-3A50-ABCB-B00A48F74AEB}
		{9CF9EA3E-4854-373B-8DCD-B1D351D537E5} = {9CF9EA3E-4854-373B-8DCD-B1D351D537E5}
	EndProjectSection
EndProject
Project("{8BC9CEB8-8B4A-11D0-8D11-00A0C91BC942}") = "libslic3r_cgal", "libslic3r_cgal.vcxproj", "{C8B52BEE-B288-3271-822A-13B5AC90613A}"
	ProjectSection(ProjectDependencies) = postProject
		{ECD38AC2-1438-39D5-8661-0D3BBA7D9222} = {ECD38AC2-1438-39D5-8661-0D3BBA7D9222}
		{163F8B09-4318-30A4-9BDD-B46156CFC7D9} = {163F8B09-4318-30A4-9BDD-B46156CFC7D9}
	EndProjectSection
EndProject
Project("{8BC9CEB8-8B4A-11D0-8D11-00A0C91BC942}") = "libslic3r_project_history", "libslic3r_project_history.vcxproj", "{A187817D-B4B9-3065-90D0-718EA0DBCA62}"
	ProjectSection(ProjectDependencies) = postProject
		{ECD38AC2-1438-39D5-8661-0D3BBA7D9222} = {ECD38AC2-1438-39D5-8661-0D3BBA7D9222}
	EndProjectSection
EndProject
Project("{8BC9CEB8-8B4A-11D0-8D11-00A0C91BC942}") = "mcut", "..\mcut\mcut.vcxproj", "{163F8B09-4318-30A4-9BDD-B46156CFC7D9}"
	ProjectSection(ProjectDependencies) = postProject
		{ECD38AC2-1438-39D5-8661-0D3BBA7D9222} = {ECD38AC2-1438-39D5-8661-0D3BBA7D9222}
	EndProjectSection
EndProject
Project("{8BC9CEB8-8B4A-11D0-8D11-00A0C91BC942}") = "miniz_static", "..\miniz\miniz_static.vcxproj", "{3E0E7662-B697-34BE-AD12-EC37E321A831}"
	ProjectSection(ProjectDependencies) = postProject
		{ECD38AC2-1438-39D5-8661-0D3BBA7D9222} = {ECD38AC2-1438-39D5-8661-0D3BBA7D9222}
	EndProjectSection
EndProject
Project("{8BC9CEB8-8B4A-11D0-8D11-00A0C91BC942}") = "nowide", "..\boost\nowide.vcxproj", "{88C57FEC-08DE-3633-88C6-4222FAF9AEAB}"
	ProjectSection(ProjectDependencies) = postProject
		{ECD38AC2-1438-39D5-8661-0D3BBA7D9222} = {ECD38AC2-1438-39D5-8661-0D3BBA7D9222}
	EndProjectSection
EndProject
Project("{8BC9CEB8-8B4A-11D0-8D11-00A0C91BC942}") = "qhullstatic", "..\qhull\qhullstatic.vcxproj", "{BB6EAE4D-0379-3A50-ABCB-B00A48F74AEB}"
	ProjectSection(ProjectDependencies) = postProject
		{ECD38AC2-1438-39D5-8661-0D3BBA7D9222} = {ECD38AC2-1438-39D5-8661-0D3BBA7D9222}
	EndProjectSection
EndProject
Project("{8BC9CEB8-8B4A-11D0-8D11-00A0C91BC942}") = "semver", "..\semver\semver.vcxproj", "{9CF9EA3E-4854-373B-8DCD-B1D351D537E5}"
	ProjectSection(ProjectDependencies) = postProject
		{ECD38AC2-1438-39D5-8661-0D3BBA7D9222} = {ECD38AC2-1438-39D5-8661-0D3BBA7D9222}
	EndProjectSection
EndProject
Global
	GlobalSection(SolutionConfigurationPlatforms) = preSolution
		Debug|x64 = Debug|x64
		MinSizeRel|x64 = MinSizeRel|x64
		Release|x64 = Release|x64
		RelWithDebInfo|x64 = RelWithDebInfo|x64
	EndGlobalSection
	GlobalSection(ProjectConfigurationPlatforms) = postSolution
		{1D3DE22A-95D5-3704-8413-7A2240A44195}.Debug|x64.ActiveCfg = Debug|x64
		{1D3DE22A-95D5-3704-8413-7A2240A44195}.Debug|x64.Build.0 = Debug|x64
		{1D3DE22A-95D5-3704-8413-7A2240A44195}.MinSizeRel|x64.ActiveCfg = MinSizeRel|x64
		{1D3DE22A-95D5-3704-8413-7A2240A44195}.MinSizeRel|x64.Build.0 = MinSizeRel|x64
		{1D3DE22A-95D5-3704-8413-7A2240A44195}.Release|x64.ActiveCfg = Release|x64
		{1D3DE22A-95D5-3704-8413-7A2240A44195}.Release|x64.Build.0 = Release|x64
		{1D3DE22A-95D5-3704-8413-7A2240A44195}.RelWithDebInfo|x64.ActiveCfg = RelWithDebInfo|x64
		{1D3DE22A-95D5-3704-8413-7A2240A44195}.RelWithDebInfo|x64.Build.0 = RelWithDebInfo|x64
		{39C7AF86-6A2E-39D5-95D3-29BE22D02C41}.Debug|x64.ActiveCfg = Debug|x64
		{39C7AF86-6A2E-39D5-95D3-29BE22D02C41}.Debug|x64.Build.0 = Debug|x64
		{39C7AF86-6A2E-39D5-95D3-29BE22D02C41}.MinSizeRel|x64.ActiveCfg = MinSizeRel|x64
		{39C7AF86-6A2E-39D5-95D3-29BE22D02C41}.MinSizeRel|x64.Build.0 = MinSizeRel|x64
		{39C7AF86-6A2E-39D5-95D3-29BE22D02C41}.Release|x64.ActiveCfg = Release|x64
		{39C7AF86-6A2E-39D5-95D3-29BE22D02C41}.Release|x64.Build.0 = Release|x64
		{39C7AF86-6A2E-39D5-95D3-29BE22D02C41}.RelWithDebInfo|x64.ActiveCfg = RelWithDebInfo|x64
		{39C7AF86-6A2E-39D5-95D3-29BE22D02C41}.RelWithDebInfo|x64.Build.0 = RelWithDebInfo|x64
		{B5990FCA-F2C1-391C-B4D2-48F14EF48BBC}.Debug|x64.ActiveCfg = Debug|x64
		{B5990FCA-F2C1-391C-B4D2-48F14EF48BBC}.MinSizeRel|x64.ActiveCfg = MinSizeRel|x64
		{B5990FCA-F2C1-391C-B4D2-48F14EF48BBC}.Release|x64.ActiveCfg = Release|x64
		{B5990FCA-F2C1-391C-B4D2-48F14EF48BBC}.RelWithDebInfo|x64.ActiveCfg = RelWithDebInfo|x64
		{C8A8CD9E-EE81-36CB-8B27-8AEB34FE58B9}.Debug|x64.ActiveCfg = Debug|x64
		{C8A8CD9E-EE81-36CB-8B27-8AEB34FE58B9}.MinSizeRel|x64.ActiveCfg = MinSizeRel|x64
		{C8A8CD9E-EE81-36CB-8B27-8AEB34FE58B9}.Release|x64.ActiveCfg = Release|x64
		{C8A8CD9E-EE81-36CB-8B27-8AEB34FE58B9}.RelWithDebInfo|x64.ActiveCfg = RelWithDebInfo|x64
		{16A7A38E-0182-30FD-B958-80EAA2A26ABF}.Debug|x64.ActiveCfg = Debug|x64
		{16A7A38E-0182-30FD-B958-80EAA2A26ABF}.MinSizeRel|x64.ActiveCfg = MinSizeRel|x64
		{16A7A38E-0182-30FD-B958-80EAA2A26ABF}.Release|x64.ActiveCfg = Release|x64
		{16A7A38E-0182-30FD-B958-80EAA2A26ABF}.RelWithDebInfo|x64.ActiveCfg = RelWithDebInfo|x64
		{ECD38AC2-1438-39D5-8661-0D3BBA7D9222}.Debug|x64.ActiveCfg = Debug|x64
		{ECD38AC2-1438-39D5-8661-0D3BBA7D9222}.Debug|x64.Build.0 = Debug|x64
		{ECD38AC2-1438-39D5-8661-0D3BBA7D9222}.MinSizeRel|x64.ActiveCfg = MinSizeRel|x64
		{ECD38AC2-1438-39D5-8661-0D3BBA7D9222}.MinSizeRel|x64.Build.0 = MinSizeRel|x64
		{ECD38AC2-1438-39D5-8661-0D3BBA7D9222}.Release|x64.ActiveCfg = Release|x64
		{ECD38AC2-1438-39D5-8661-0D3BBA7D9222}.Release|x64.Build.0 = Release|x64
		{ECD38AC2-1438-39D5-8661-0D3BBA7D9222}.RelWithDebInfo|x64.ActiveCfg = RelWithDebInfo|x64
		{ECD38AC2-1438-39D5-8661-0D3BBA7D9222}.RelWithDebInfo|x64.Build.0 = RelWithDebInfo|x64
		{93F198F3-E56E-3B96-A3AC-A42229A13C63}.Debug|x64.ActiveCfg = Debug|x64
		{93F198F3-E56E-3B96-A3AC-A42229A13C63}.Debug|x64.Build.0 = Debug|x64
		{93F198F3-E56E-3B96-A3AC-A42229A13C63}.MinSizeRel|x64.ActiveCfg = MinSizeRel|x64
		{93F198F3-E56E-3B96-A3AC-A42229A13C63}.MinSizeRel|x64.Build.0 = MinSizeRel|x64
		{93F198F3-E56E-3B96-A3AC-A42229A13C63}.Release|x64.ActiveCfg = Release|x64
		{93F198F3-E56E-3B96-A3AC-A42229A13C63}.Release|x64.Build.0 = Release|x64
		{93F198F3-E56E-3B96-A3AC-A42229A13C63}.RelWithDebInfo|x64.ActiveCfg = RelWithDebInfo|x64
		{93F198F3-E56E-3B96-A3AC-A42229A13C63}.RelWithDebInfo|x64.Build.0 = RelWithDebInfo|x64
		{DF9A239B-308B-31A2-A0E5-F2526202F25D}.Debug|x64.ActiveCfg = Debug|x64
		{DF9A239B-308B-31A2-A0E5-F2526202F25D}.Debug|x64.Build.0 = Debug|x64
		{DF9A239B-308B-31A2-A0E5-F2526202F25D}.MinSizeRel|x64.ActiveCfg = MinSizeRel|x64
		{DF9A239B-308B-31A2-A0E5-F2526202F25D}.MinSizeRel|x64.Build.0 = MinSizeRel|x64
		{DF9A239B-308B-31A2-A0E5-F2526202F25D}.Release|x64.ActiveCfg = Release|x64
		{DF9A239B-308B-31A2-A0E5-F2526202F25D}.Release|x64.Build.0 = Release|x64
		{DF9A239B-308B-31A2-A0E5-F2526202F25D}.RelWithDebInfo|x64.ActiveCfg = RelWithDebInfo|x64
		{DF9A239B-308B-31A2-A0E5-F2526202F25D}.RelWithDebInfo|x64.Build.0 = RelWithDebInfo|x64
		{6FA9C23C-9790-37B3-A48B-64576D3027B1}.Debug|x64.ActiveCfg = Debug|x64
		{6FA9C23C-9790-37B3-A48B-64576D3027B1}.Debug|x64.Build.0 = Debug|x64
		{6FA9C23C-9790-37B3-A48B-64576D3027B1}.MinSizeRel|x64.ActiveCfg = MinSizeRel|x64
		{6FA9C23C-9790-37B3-A48B-64576D3027B1}.MinSizeRel|x64.Build.0 = MinSizeRel|x64
		{6FA9C23C-9790-37B3-A48B-64576D3027B1}.Release|x64.ActiveCfg = Release|x64
		{6FA9C23C-9790-37B3-A48B-64576D3027B1}.Release|x64.Build.0 = Release|x64
		{6FA9C23C-9790-37B3-A48B-64576D3027B1}.RelWithDebInfo|x64.ActiveCfg = RelWithDebInfo|x64
		{6FA9C23C-9790-37B3-A48B-64576D3027B1}.RelWithDebInfo|x64.Build.0 = RelWithDebInfo|x64
		{B933F17E-770C-30C7-B765-4B38340D45AC}.Debug|x64.ActiveCfg = Debug|x64
		{B933F17E-770C-30C7-B765-4B38340D45AC}.Debug|x64.Build.0 = Debug|x64
		{B933F17E-770C-30C7-B765-4B38340D45AC}.MinSizeRel|x64.ActiveCfg = MinSizeRel|x64
		{B933F17E-770C-30C7-B765-4B38340D45AC}.MinSizeRel|x64.Build.0 = MinSizeRel|x64
		{B933F17E-770C-30C7-B765-4B38340D45AC}.Release|x64.ActiveCfg = Release|x64
		{B933F17E-770C-30C7-B765-4B38340D45AC}.Release|x64.Build.0 = Release|x64
		{B933F17E-770C-30C7-B765-4B38340D45AC}.RelWithDebInfo|x64.ActiveCfg = RelWithDebInfo|x64
		{B933F17E-770C-30C7-B765-4B38340D45AC}.RelWithDebInfo|x64.Build.0 = RelWithDebInfo|x64
		{75232CA9-B83E-33CC-B963-4A00F2A268A4}.Debug|x64.ActiveCfg = Debug|x64
		{75232CA9-B83E-33CC-B963-4A00F2A268A4}.Debug|x64.Build.0 = Debug|x64
		{75232CA9-B83E-33CC-B963-4A00F2A268A4}.MinSizeRel|x64.ActiveCfg = MinSizeRel|x64
		{75232CA9-B83E-33CC-B963-4A00F2A268A4}.MinSizeRel|x64.Build.0 = MinSizeRel|x64
		{75232CA9-B83E-33CC-B963-4A00F2A268A4}.Release|x64.ActiveCfg = Release|x64
		{75232CA9-B83E-33CC-B963-4A00F2A268A4}.Release|x64.Build.0 = Release|x64
		{75232CA9-B83E-33CC-B963-4A00F2A268A4}.RelWithDebInfo|x64.ActiveCfg = RelWithDebInfo|x64
		{75232CA9-B83E-33CC-B963-4A00F2A268A4}.RelWithDebInfo|x64.Build.0 = RelWithDebInfo|x64
		{C8B52BEE-B288-3271-822A-13B5AC90613A}.Debug|x64.ActiveCfg = Debug|x64
		{C8B52BEE-B288-3271-822A-13B5AC90613A}.Debug|x64.Build.0 = Debug|x64
		{C8B52BEE-B288-3271-822A-13B5AC90613A}.MinSizeRel|x64.ActiveCfg = MinSizeRel|x64
		{C8B52BEE-B288-3271-822A-13B5AC90613A}.MinSizeRel|x64.Build.0 = MinSizeRel|x64
		{C8B52BEE-B288-3271-822A-13B5AC90613A}.Release|x64.ActiveCfg = Release|x64
		{C8B52BEE-B288-3271-822A-13B5AC90613A}.Release|x64.Build.0 = Release|x64
		{C8B52BEE-B288-3271-822A-13B5AC90613A}.RelWithDebInfo|x64.ActiveCfg = RelWithDebInfo|x64
		{C8B52BEE-B288-3271-822A-13B5AC90613A}.RelWithDebInfo|x64.Build.0 = RelWithDebInfo|x64
		{A187817D-B4B9-3065-90D0-718EA0DBCA62}.Debug|x64.ActiveCfg = Debug|x64
		{A187817D-B4B9-3065-90D0-718EA0DBCA62}.Debug|x64.Build.0 = Debug|x64
		{A187817D-B4B9-3065-90D0-718EA0DBCA62}.MinSizeRel|x64.ActiveCfg = MinSizeRel|x64
		{A187817D-B4B9-3065-90D0-718EA0DBCA62}.MinSizeRel|x64.Build.0 = MinSizeRel|x64
		{A187817D-B4B9-3065-90D0-718EA0DBCA62}.Release|x64.ActiveCfg = Release|x64
		{A187817D-B4B9-3065-90D0-718EA0DBCA62}.Release|x64.Build.0 = Release|x64
		{A187817D-B4B9-3065-90D0-718EA0DBCA62}.RelWithDebInfo|x64.ActiveCfg = RelWithDebInfo|x64
		{A187817D-B4B9-3065-90D0-718EA0DBCA62}.RelWithDebInfo|x64.Build.0 = RelWithDebInfo|x64
		{163F8B09-4318-30A4-9BDD-B46156CFC7D9}.Debug|x64.ActiveCfg = Debug|x64
		{163F8B09-4318-30A4-9BDD-B46156CFC7D9}.Debug|x64.Build.0 = Debug|x64
		{163F8B09-4318-30A4-9BDD-B46156CFC7D9}.MinSizeRel|x64.ActiveCfg = MinSizeRel|x64
		{163F8B09-4318-30A4-9BDD-B46156CFC7D9}.MinSizeRel|x64.Build.0 = MinSizeRel|x64
		{163F8B09-4318-30A4-9BDD-B46156CFC7D9}.Release|x64.ActiveCfg = Release|x64
		{163F8B09-4318-30A4-9BDD-B46156CFC7D9}.Release|x64.Build.0 = Release|x64
		{163F8B09-4318-30A4-9BDD-B46156CFC7D9}.RelWithDebInfo|x64.ActiveCfg = RelWithDebInfo|x64
		{163F8B09-4318-30A4-9BDD-B46156CFC7D9}.RelWithDebInfo|x64.Build.0 = RelWithDebInfo|x64
		{3E0E7662-B697-34BE-AD12-EC37E321A831}.Debug|x64.ActiveCfg = Debug|x64
		{3E0E7662-B697-34BE-AD12-EC37E321A831}.Debug|x64.Build.0 = Debug|x64
		{3E0E7662-B697-34BE-AD12-EC37E321A831}.MinSizeRel|x64.ActiveCfg = MinSizeRel|x64
		{3E0E7662-B697-34BE-AD12-EC37E321A831}.MinSizeRel|x64.Build.0 = MinSizeRel|x64
		{3E0E7662-B697-34BE-AD12-EC37E321A831}.Release|x64.ActiveCfg = Release|x64
		{3E0E7662-B697-34BE-AD12-EC37E321A831}.Release|x64.Build.0 = Release|x64
		{3E0E7662-B697-34BE-AD12-EC37E321A831}.RelWithDebInfo|x64.ActiveCfg = RelWithDebInfo|x64
		{3E0E7662-B697-34BE-AD12-EC37E321A831}.RelWithDebInfo|x64.Build.0 = RelWithDebInfo|x64
		{88C57FEC-08DE-3633-88C6-4222FAF9AEAB}.Debug|x64.ActiveCfg = Debug|x64
		{88C57FEC-08DE-3633-88C6-4222FAF9AEAB}.Debug|x64.Build.0 = Debug|x64
		{88C57FEC-08DE-3633-88C6-4222FAF9AEAB}.MinSizeRel|x64.ActiveCfg = MinSizeRel|x64
		{88C57FEC-08DE-3633-88C6-4222FAF9AEAB}.MinSizeRel|x64.Build.0 = MinSizeRel|x64
		{88C57FEC-08DE-3633-88C6-4222FAF9AEAB}.Release|x64.ActiveCfg = Release|x64
		{88C57FEC-08DE-3633-88C6-4222FAF9AEAB}.Release|x64.Build.0 = Release|x64
		{88C57FEC-08DE-3633-88C6-4222FAF9AEAB}.RelWithDebInfo|x64.ActiveCfg = RelWithDebInfo|x64
		{88C57FEC-08DE-3633-88C6-4222FAF9AEAB}.RelWithDebInfo|x64.Build.0 = RelWithDebInfo|x64
		{BB6EAE4D-0379-3A50-ABCB-B00A48F74AEB}.Debug|x64.ActiveCfg = Debug|x64
		{BB6EAE4D-0379-3A50-ABCB-B00A48F74AEB}.Debug|x64.Build.0 = Debug|x64
		{BB6EAE4D-0379-3A50-ABCB-B00A48F74AEB}.MinSizeRel|x64.ActiveCfg = MinSizeRel|x64
		{BB6EAE4D-0379-3A50-ABCB-B00A48F74AEB}.MinSizeRel|x64.Build.0 = MinSizeRel|x64
		{BB6EAE4D-0379-3A50-ABCB-B00A48F74AEB}.Release|x64.ActiveCfg = Release|x64
		{BB6EAE4D-0379-3A50-ABCB-B00A48F74AEB}.Release|x64.Build.0 = Release|x64
		{BB6EAE4D-0379-3A50-ABCB-B00A48F74AEB}.RelWithDebInfo|x64.ActiveCfg = RelWithDebInfo|x64
		{BB6EAE4D-0379-3A50-ABCB-B00A48F74AEB}.RelWithDebInfo|x64.Build.0 = RelWithDebInfo|x64
		{9CF9EA3E-4854-373B-8DCD-B1D351D537E5}.Debug|x64.ActiveCfg = Debug|x64
		{9CF9EA3E-4854-373B-8DCD-B1D351D537E5}.Debug|x64.Build.0 = Debug|x64
		{9CF9EA3E-4854-373B-8DCD-B1D351D537E5}.MinSizeRel|x64.ActiveCfg = MinSizeRel|x64
		{9CF9EA3E-4854-373B-8DCD-B1D351D537E5}.MinSizeRel|x64.Build.0 = MinSizeRel|x64
		{9CF9EA3E-4854-373B-8DCD-B1D351D537E5}.Release|x64.ActiveCfg = Release|x64
		{9CF9EA3E-4854-373B-8DCD-B1D351D537E5}.Release|x64.Build.0 = Release|x64
		{9CF9EA3E-4854-373B-8DCD-B1D351D537E5}.RelWithDebInfo|x64.ActiveCfg = RelWithDebInfo|x64
		{9CF9EA3E-4854-373B-8DCD-B1D351D537E5}.RelWithDebInfo|x64.Build.0 = RelWithDebInfo|x64
	EndGlobalSection
	GlobalSection(ExtensibilityGlobals) = postSolution
		SolutionGuid = {4F2D30CA-7AD5-3862-A4C0-764DD71507AD}
	EndGlobalSection
	GlobalSection(ExtensibilityAddIns) = postSolution
	EndGlobalSection
EndGlobal
