<?xml version="1.0" encoding="utf-8"?>
<Project ToolsVersion="17.0" xmlns="http://schemas.microsoft.com/developer/msbuild/2003">
  <ItemGroup>
    <ClCompile Include="C:\Users\Administrator\Documents\GitHub\BambuStudio\src\clipper2\Clipper2Lib\src\clipper.engine.cpp">
      <Filter>Source Files</Filter>
    </ClCompile>
    <ClCompile Include="C:\Users\Administrator\Documents\GitHub\BambuStudio\src\clipper2\Clipper2Lib\src\clipper.offset.cpp">
      <Filter>Source Files</Filter>
    </ClCompile>
    <ClCompile Include="C:\Users\Administrator\Documents\GitHub\BambuStudio\src\clipper2\Clipper2Lib\src\clipper.rectclip.cpp">
      <Filter>Source Files</Filter>
    </ClCompile>
    <ClCompile Include="C:\Users\Administrator\Documents\GitHub\BambuStudio\src\clipper2\Clipper2Lib\src\clipper2_z.cpp">
      <Filter>Source Files</Filter>
    </ClCompile>
  </ItemGroup>
  <ItemGroup>
    <ClInclude Include="C:\Users\Administrator\Documents\GitHub\BambuStudio\src\clipper2\Clipper2Lib\include\clipper2\clipper.h">
      <Filter>Header Files</Filter>
    </ClInclude>
    <ClInclude Include="C:\Users\Administrator\Documents\GitHub\BambuStudio\src\clipper2\Clipper2Lib\include\clipper2\clipper.core.h">
      <Filter>Header Files</Filter>
    </ClInclude>
    <ClInclude Include="C:\Users\Administrator\Documents\GitHub\BambuStudio\src\clipper2\Clipper2Lib\include\clipper2\clipper.engine.h">
      <Filter>Header Files</Filter>
    </ClInclude>
    <ClInclude Include="C:\Users\Administrator\Documents\GitHub\BambuStudio\src\clipper2\Clipper2Lib\include\clipper2\clipper.export.h">
      <Filter>Header Files</Filter>
    </ClInclude>
    <ClInclude Include="C:\Users\Administrator\Documents\GitHub\BambuStudio\src\clipper2\Clipper2Lib\include\clipper2\clipper.minkowski.h">
      <Filter>Header Files</Filter>
    </ClInclude>
    <ClInclude Include="C:\Users\Administrator\Documents\GitHub\BambuStudio\src\clipper2\Clipper2Lib\include\clipper2\clipper.offset.h">
      <Filter>Header Files</Filter>
    </ClInclude>
    <ClInclude Include="C:\Users\Administrator\Documents\GitHub\BambuStudio\src\clipper2\Clipper2Lib\include\clipper2\clipper.rectclip.h">
      <Filter>Header Files</Filter>
    </ClInclude>
    <ClInclude Include="C:\Users\Administrator\Documents\GitHub\BambuStudio\src\clipper2\Clipper2Lib\include\clipper2\clipper2_z.hpp">
      <Filter>Header Files</Filter>
    </ClInclude>
  </ItemGroup>
  <ItemGroup>
    <CustomBuild Include="C:\Users\Administrator\Documents\GitHub\BambuStudio\src\clipper2\CMakeLists.txt" />
  </ItemGroup>
  <ItemGroup>
    <Filter Include="Header Files">
      <UniqueIdentifier>{68992DAA-4905-3472-A185-A37B20A3D05F}</UniqueIdentifier>
    </Filter>
    <Filter Include="Source Files">
      <UniqueIdentifier>{04F8C818-681C-3F20-BD3F-14480F026517}</UniqueIdentifier>
    </Filter>
  </ItemGroup>
</Project>
