<?xml version="1.0" encoding="utf-8"?>
<Project ToolsVersion="17.0" xmlns="http://schemas.microsoft.com/developer/msbuild/2003">
  <ItemGroup>
    <CustomBuild Include="C:\Users\Administrator\Documents\GitHub\BambuStudio\build\CMakeFiles\7fc823207a94a814326ca670721e4cf0\INSTALL_force.rule">
      <Filter>CMake Rules</Filter>
    </CustomBuild>
  </ItemGroup>
  <ItemGroup>
    <Filter Include="CMake Rules">
      <UniqueIdentifier>{D979B1CB-A369-3FC4-B9FD-2D71A4829A0C}</UniqueIdentifier>
    </Filter>
  </ItemGroup>
</Project>
