
Microsoft Visual Studio Solution File, Format Version 12.00
# Visual Studio Version 17
Project("{8BC9CEB8-8B4A-11D0-8D11-00A0C91BC942}") = "ALL_BUILD", "ALL_BUILD.vcxproj", "{1D3DE22A-95D5-3704-8413-7A2240A44195}"
	ProjectSection(ProjectDependencies) = postProject
		{908E0118-0A79-3726-82D2-C9CDC27DDC2C} = {908E0118-0A79-3726-82D2-C9CDC27DDC2C}
		{0EB06CAB-86A1-30EB-8961-D4E8CFFB9ADB} = {0EB06CAB-86A1-30EB-8961-D4E8CFFB9ADB}
		{4B422746-C2D0-30CB-B498-B0E6D1DE71E4} = {4B422746-C2D0-30CB-B498-B0E6D1DE71E4}
		{39C7AF86-6A2E-39D5-95D3-29BE22D02C41} = {39C7AF86-6A2E-39D5-95D3-29BE22D02C41}
		{00AFC46A-44B0-3188-994B-B2E3FA4E634D} = {00AFC46A-44B0-3188-994B-B2E3FA4E634D}
		{ECD38AC2-1438-39D5-8661-0D3BBA7D9222} = {ECD38AC2-1438-39D5-8661-0D3BBA7D9222}
		{93F198F3-E56E-3B96-A3AC-A42229A13C63} = {93F198F3-E56E-3B96-A3AC-A42229A13C63}
		{DF9A239B-308B-31A2-A0E5-F2526202F25D} = {DF9A239B-308B-31A2-A0E5-F2526202F25D}
		{6FA9C23C-9790-37B3-A48B-64576D3027B1} = {6FA9C23C-9790-37B3-A48B-64576D3027B1}
		{0D1DB116-F552-36A3-BEAD-CD7126DF6587} = {0D1DB116-F552-36A3-BEAD-CD7126DF6587}
		{6F34F02B-E3E7-3972-8A98-54B610BCD008} = {6F34F02B-E3E7-3972-8A98-54B610BCD008}
		{74E37C9D-C302-3E6A-8DEC-3293A82B51A9} = {74E37C9D-C302-3E6A-8DEC-3293A82B51A9}
		{B0C9D945-B400-3440-82C5-71554EB8B907} = {B0C9D945-B400-3440-82C5-71554EB8B907}
		{B933F17E-770C-30C7-B765-4B38340D45AC} = {B933F17E-770C-30C7-B765-4B38340D45AC}
		{C8B52BEE-B288-3271-822A-13B5AC90613A} = {C8B52BEE-B288-3271-822A-13B5AC90613A}
		{07C97565-42AC-3AAD-9B86-55102603CCCB} = {07C97565-42AC-3AAD-9B86-55102603CCCB}
		{A187817D-B4B9-3065-90D0-718EA0DBCA62} = {A187817D-B4B9-3065-90D0-718EA0DBCA62}
		{163F8B09-4318-30A4-9BDD-B46156CFC7D9} = {163F8B09-4318-30A4-9BDD-B46156CFC7D9}
		{D811260D-893C-3F50-8511-AF22326C5607} = {D811260D-893C-3F50-8511-AF22326C5607}
		{3E0E7662-B697-34BE-AD12-EC37E321A831} = {3E0E7662-B697-34BE-AD12-EC37E321A831}
		{88C57FEC-08DE-3633-88C6-4222FAF9AEAB} = {88C57FEC-08DE-3633-88C6-4222FAF9AEAB}
		{BB6EAE4D-0379-3A50-ABCB-B00A48F74AEB} = {BB6EAE4D-0379-3A50-ABCB-B00A48F74AEB}
		{9CF9EA3E-4854-373B-8DCD-B1D351D537E5} = {9CF9EA3E-4854-373B-8DCD-B1D351D537E5}
	EndProjectSection
EndProject
Project("{8BC9CEB8-8B4A-11D0-8D11-00A0C91BC942}") = "BambuStudio", "BambuStudio.vcxproj", "{908E0118-0A79-3726-82D2-C9CDC27DDC2C}"
	ProjectSection(ProjectDependencies) = postProject
		{39C7AF86-6A2E-39D5-95D3-29BE22D02C41} = {39C7AF86-6A2E-39D5-95D3-29BE22D02C41}
		{ECD38AC2-1438-39D5-8661-0D3BBA7D9222} = {ECD38AC2-1438-39D5-8661-0D3BBA7D9222}
		{93F198F3-E56E-3B96-A3AC-A42229A13C63} = {93F198F3-E56E-3B96-A3AC-A42229A13C63}
		{DF9A239B-308B-31A2-A0E5-F2526202F25D} = {DF9A239B-308B-31A2-A0E5-F2526202F25D}
		{77B246DB-F475-3C88-A14B-73F5FD083541} = {77B246DB-F475-3C88-A14B-73F5FD083541}
		{6FA9C23C-9790-37B3-A48B-64576D3027B1} = {6FA9C23C-9790-37B3-A48B-64576D3027B1}
		{0D1DB116-F552-36A3-BEAD-CD7126DF6587} = {0D1DB116-F552-36A3-BEAD-CD7126DF6587}
		{74E37C9D-C302-3E6A-8DEC-3293A82B51A9} = {74E37C9D-C302-3E6A-8DEC-3293A82B51A9}
		{B0C9D945-B400-3440-82C5-71554EB8B907} = {B0C9D945-B400-3440-82C5-71554EB8B907}
		{B933F17E-770C-30C7-B765-4B38340D45AC} = {B933F17E-770C-30C7-B765-4B38340D45AC}
		{C8B52BEE-B288-3271-822A-13B5AC90613A} = {C8B52BEE-B288-3271-822A-13B5AC90613A}
		{07C97565-42AC-3AAD-9B86-55102603CCCB} = {07C97565-42AC-3AAD-9B86-55102603CCCB}
		{A187817D-B4B9-3065-90D0-718EA0DBCA62} = {A187817D-B4B9-3065-90D0-718EA0DBCA62}
		{163F8B09-4318-30A4-9BDD-B46156CFC7D9} = {163F8B09-4318-30A4-9BDD-B46156CFC7D9}
		{D811260D-893C-3F50-8511-AF22326C5607} = {D811260D-893C-3F50-8511-AF22326C5607}
		{3E0E7662-B697-34BE-AD12-EC37E321A831} = {3E0E7662-B697-34BE-AD12-EC37E321A831}
		{88C57FEC-08DE-3633-88C6-4222FAF9AEAB} = {88C57FEC-08DE-3633-88C6-4222FAF9AEAB}
		{BB6EAE4D-0379-3A50-ABCB-B00A48F74AEB} = {BB6EAE4D-0379-3A50-ABCB-B00A48F74AEB}
		{9CF9EA3E-4854-373B-8DCD-B1D351D537E5} = {9CF9EA3E-4854-373B-8DCD-B1D351D537E5}
	EndProjectSection
EndProject
Project("{8BC9CEB8-8B4A-11D0-8D11-00A0C91BC942}") = "BambuStudioDllsCopy", "BambuStudioDllsCopy.vcxproj", "{0EB06CAB-86A1-30EB-8961-D4E8CFFB9ADB}"
	ProjectSection(ProjectDependencies) = postProject
		{908E0118-0A79-3726-82D2-C9CDC27DDC2C} = {908E0118-0A79-3726-82D2-C9CDC27DDC2C}
		{ECD38AC2-1438-39D5-8661-0D3BBA7D9222} = {ECD38AC2-1438-39D5-8661-0D3BBA7D9222}
	EndProjectSection
EndProject
Project("{8BC9CEB8-8B4A-11D0-8D11-00A0C91BC942}") = "BambuStudio_app_gui", "BambuStudio_app_gui.vcxproj", "{4B422746-C2D0-30CB-B498-B0E6D1DE71E4}"
	ProjectSection(ProjectDependencies) = postProject
		{908E0118-0A79-3726-82D2-C9CDC27DDC2C} = {908E0118-0A79-3726-82D2-C9CDC27DDC2C}
		{ECD38AC2-1438-39D5-8661-0D3BBA7D9222} = {ECD38AC2-1438-39D5-8661-0D3BBA7D9222}
		{77B246DB-F475-3C88-A14B-73F5FD083541} = {77B246DB-F475-3C88-A14B-73F5FD083541}
	EndProjectSection
EndProject
Project("{8BC9CEB8-8B4A-11D0-8D11-00A0C91BC942}") = "Clipper2", "clipper2\Clipper2.vcxproj", "{39C7AF86-6A2E-39D5-95D3-29BE22D02C41}"
	ProjectSection(ProjectDependencies) = postProject
		{ECD38AC2-1438-39D5-8661-0D3BBA7D9222} = {ECD38AC2-1438-39D5-8661-0D3BBA7D9222}
	EndProjectSection
EndProject
Project("{8BC9CEB8-8B4A-11D0-8D11-00A0C91BC942}") = "INSTALL", "INSTALL.vcxproj", "{B5990FCA-F2C1-391C-B4D2-48F14EF48BBC}"
	ProjectSection(ProjectDependencies) = postProject
		{1D3DE22A-95D5-3704-8413-7A2240A44195} = {1D3DE22A-95D5-3704-8413-7A2240A44195}
		{ECD38AC2-1438-39D5-8661-0D3BBA7D9222} = {ECD38AC2-1438-39D5-8661-0D3BBA7D9222}
	EndProjectSection
EndProject
Project("{8BC9CEB8-8B4A-11D0-8D11-00A0C91BC942}") = "PACKAGE", "PACKAGE.vcxproj", "{C8A8CD9E-EE81-36CB-8B27-8AEB34FE58B9}"
	ProjectSection(ProjectDependencies) = postProject
		{1D3DE22A-95D5-3704-8413-7A2240A44195} = {1D3DE22A-95D5-3704-8413-7A2240A44195}
		{ECD38AC2-1438-39D5-8661-0D3BBA7D9222} = {ECD38AC2-1438-39D5-8661-0D3BBA7D9222}
	EndProjectSection
EndProject
Project("{8BC9CEB8-8B4A-11D0-8D11-00A0C91BC942}") = "RUN_TESTS", "RUN_TESTS.vcxproj", "{16A7A38E-0182-30FD-B958-80EAA2A26ABF}"
	ProjectSection(ProjectDependencies) = postProject
		{ECD38AC2-1438-39D5-8661-0D3BBA7D9222} = {ECD38AC2-1438-39D5-8661-0D3BBA7D9222}
	EndProjectSection
EndProject
Project("{8BC9CEB8-8B4A-11D0-8D11-00A0C91BC942}") = "Shiny", "Shiny\Shiny.vcxproj", "{00AFC46A-44B0-3188-994B-B2E3FA4E634D}"
	ProjectSection(ProjectDependencies) = postProject
		{ECD38AC2-1438-39D5-8661-0D3BBA7D9222} = {ECD38AC2-1438-39D5-8661-0D3BBA7D9222}
	EndProjectSection
EndProject
Project("{8BC9CEB8-8B4A-11D0-8D11-00A0C91BC942}") = "ZERO_CHECK", "..\ZERO_CHECK.vcxproj", "{ECD38AC2-1438-39D5-8661-0D3BBA7D9222}"
	ProjectSection(ProjectDependencies) = postProject
	EndProjectSection
EndProject
Project("{8BC9CEB8-8B4A-11D0-8D11-00A0C91BC942}") = "admesh", "admesh\admesh.vcxproj", "{93F198F3-E56E-3B96-A3AC-A42229A13C63}"
	ProjectSection(ProjectDependencies) = postProject
		{ECD38AC2-1438-39D5-8661-0D3BBA7D9222} = {ECD38AC2-1438-39D5-8661-0D3BBA7D9222}
	EndProjectSection
EndProject
Project("{8BC9CEB8-8B4A-11D0-8D11-00A0C91BC942}") = "clipper", "clipper\clipper.vcxproj", "{DF9A239B-308B-31A2-A0E5-F2526202F25D}"
	ProjectSection(ProjectDependencies) = postProject
		{ECD38AC2-1438-39D5-8661-0D3BBA7D9222} = {ECD38AC2-1438-39D5-8661-0D3BBA7D9222}
	EndProjectSection
EndProject
Project("{8BC9CEB8-8B4A-11D0-8D11-00A0C91BC942}") = "device_page_build", "slic3r\GUI\DeviceWeb\device_page_build.vcxproj", "{77B246DB-F475-3C88-A14B-73F5FD083541}"
	ProjectSection(ProjectDependencies) = postProject
		{ECD38AC2-1438-39D5-8661-0D3BBA7D9222} = {ECD38AC2-1438-39D5-8661-0D3BBA7D9222}
	EndProjectSection
EndProject
Project("{8BC9CEB8-8B4A-11D0-8D11-00A0C91BC942}") = "glu-libtess", "glu-libtess\glu-libtess.vcxproj", "{6FA9C23C-9790-37B3-A48B-64576D3027B1}"
	ProjectSection(ProjectDependencies) = postProject
		{ECD38AC2-1438-39D5-8661-0D3BBA7D9222} = {ECD38AC2-1438-39D5-8661-0D3BBA7D9222}
	EndProjectSection
EndProject
Project("{8BC9CEB8-8B4A-11D0-8D11-00A0C91BC942}") = "hidapi", "hidapi\hidapi.vcxproj", "{0D1DB116-F552-36A3-BEAD-CD7126DF6587}"
	ProjectSection(ProjectDependencies) = postProject
		{ECD38AC2-1438-39D5-8661-0D3BBA7D9222} = {ECD38AC2-1438-39D5-8661-0D3BBA7D9222}
	EndProjectSection
EndProject
Project("{8BC9CEB8-8B4A-11D0-8D11-00A0C91BC942}") = "hintsToPot", "hints\hintsToPot.vcxproj", "{6F34F02B-E3E7-3972-8A98-54B610BCD008}"
	ProjectSection(ProjectDependencies) = postProject
		{ECD38AC2-1438-39D5-8661-0D3BBA7D9222} = {ECD38AC2-1438-39D5-8661-0D3BBA7D9222}
	EndProjectSection
EndProject
Project("{8BC9CEB8-8B4A-11D0-8D11-00A0C91BC942}") = "imgui", "imgui\imgui.vcxproj", "{74E37C9D-C302-3E6A-8DEC-3293A82B51A9}"
	ProjectSection(ProjectDependencies) = postProject
		{ECD38AC2-1438-39D5-8661-0D3BBA7D9222} = {ECD38AC2-1438-39D5-8661-0D3BBA7D9222}
	EndProjectSection
EndProject
Project("{8BC9CEB8-8B4A-11D0-8D11-00A0C91BC942}") = "imguizmo", "imguizmo\imguizmo.vcxproj", "{B0C9D945-B400-3440-82C5-71554EB8B907}"
	ProjectSection(ProjectDependencies) = postProject
		{ECD38AC2-1438-39D5-8661-0D3BBA7D9222} = {ECD38AC2-1438-39D5-8661-0D3BBA7D9222}
		{74E37C9D-C302-3E6A-8DEC-3293A82B51A9} = {74E37C9D-C302-3E6A-8DEC-3293A82B51A9}
	EndProjectSection
EndProject
Project("{8BC9CEB8-8B4A-11D0-8D11-00A0C91BC942}") = "libnest2d", "libnest2d\libnest2d.vcxproj", "{B933F17E-770C-30C7-B765-4B38340D45AC}"
	ProjectSection(ProjectDependencies) = postProject
		{75232CA9-B83E-33CC-B963-4A00F2A268A4} = {75232CA9-B83E-33CC-B963-4A00F2A268A4}
	EndProjectSection
EndProject
Project("{8BC9CEB8-8B4A-11D0-8D11-00A0C91BC942}") = "libslic3r", "libslic3r\libslic3r.vcxproj", "{75232CA9-B83E-33CC-B963-4A00F2A268A4}"
	ProjectSection(ProjectDependencies) = postProject
		{39C7AF86-6A2E-39D5-95D3-29BE22D02C41} = {39C7AF86-6A2E-39D5-95D3-29BE22D02C41}
		{ECD38AC2-1438-39D5-8661-0D3BBA7D9222} = {ECD38AC2-1438-39D5-8661-0D3BBA7D9222}
		{93F198F3-E56E-3B96-A3AC-A42229A13C63} = {93F198F3-E56E-3B96-A3AC-A42229A13C63}
		{DF9A239B-308B-31A2-A0E5-F2526202F25D} = {DF9A239B-308B-31A2-A0E5-F2526202F25D}
		{6FA9C23C-9790-37B3-A48B-64576D3027B1} = {6FA9C23C-9790-37B3-A48B-64576D3027B1}
		{C8B52BEE-B288-3271-822A-13B5AC90613A} = {C8B52BEE-B288-3271-822A-13B5AC90613A}
		{A187817D-B4B9-3065-90D0-718EA0DBCA62} = {A187817D-B4B9-3065-90D0-718EA0DBCA62}
		{163F8B09-4318-30A4-9BDD-B46156CFC7D9} = {163F8B09-4318-30A4-9BDD-B46156CFC7D9}
		{3E0E7662-B697-34BE-AD12-EC37E321A831} = {3E0E7662-B697-34BE-AD12-EC37E321A831}
		{88C57FEC-08DE-3633-88C6-4222FAF9AEAB} = {88C57FEC-08DE-3633-88C6-4222FAF9AEAB}
		{BB6EAE4D-0379-3A50-ABCB-B00A48F74AEB} = {BB6EAE4D-0379-3A50-ABCB-B00A48F74AEB}
		{9CF9EA3E-4854-373B-8DCD-B1D351D537E5} = {9CF9EA3E-4854-373B-8DCD-B1D351D537E5}
	EndProjectSection
EndProject
Project("{8BC9CEB8-8B4A-11D0-8D11-00A0C91BC942}") = "libslic3r_cgal", "libslic3r\libslic3r_cgal.vcxproj", "{C8B52BEE-B288-3271-822A-13B5AC90613A}"
	ProjectSection(ProjectDependencies) = postProject
		{ECD38AC2-1438-39D5-8661-0D3BBA7D9222} = {ECD38AC2-1438-39D5-8661-0D3BBA7D9222}
		{163F8B09-4318-30A4-9BDD-B46156CFC7D9} = {163F8B09-4318-30A4-9BDD-B46156CFC7D9}
	EndProjectSection
EndProject
Project("{8BC9CEB8-8B4A-11D0-8D11-00A0C91BC942}") = "libslic3r_gui", "slic3r\libslic3r_gui.vcxproj", "{07C97565-42AC-3AAD-9B86-55102603CCCB}"
	ProjectSection(ProjectDependencies) = postProject
		{39C7AF86-6A2E-39D5-95D3-29BE22D02C41} = {39C7AF86-6A2E-39D5-95D3-29BE22D02C41}
		{ECD38AC2-1438-39D5-8661-0D3BBA7D9222} = {ECD38AC2-1438-39D5-8661-0D3BBA7D9222}
		{93F198F3-E56E-3B96-A3AC-A42229A13C63} = {93F198F3-E56E-3B96-A3AC-A42229A13C63}
		{DF9A239B-308B-31A2-A0E5-F2526202F25D} = {DF9A239B-308B-31A2-A0E5-F2526202F25D}
		{77B246DB-F475-3C88-A14B-73F5FD083541} = {77B246DB-F475-3C88-A14B-73F5FD083541}
		{6FA9C23C-9790-37B3-A48B-64576D3027B1} = {6FA9C23C-9790-37B3-A48B-64576D3027B1}
		{0D1DB116-F552-36A3-BEAD-CD7126DF6587} = {0D1DB116-F552-36A3-BEAD-CD7126DF6587}
		{74E37C9D-C302-3E6A-8DEC-3293A82B51A9} = {74E37C9D-C302-3E6A-8DEC-3293A82B51A9}
		{B0C9D945-B400-3440-82C5-71554EB8B907} = {B0C9D945-B400-3440-82C5-71554EB8B907}
		{B933F17E-770C-30C7-B765-4B38340D45AC} = {B933F17E-770C-30C7-B765-4B38340D45AC}
		{C8B52BEE-B288-3271-822A-13B5AC90613A} = {C8B52BEE-B288-3271-822A-13B5AC90613A}
		{A187817D-B4B9-3065-90D0-718EA0DBCA62} = {A187817D-B4B9-3065-90D0-718EA0DBCA62}
		{163F8B09-4318-30A4-9BDD-B46156CFC7D9} = {163F8B09-4318-30A4-9BDD-B46156CFC7D9}
		{D811260D-893C-3F50-8511-AF22326C5607} = {D811260D-893C-3F50-8511-AF22326C5607}
		{3E0E7662-B697-34BE-AD12-EC37E321A831} = {3E0E7662-B697-34BE-AD12-EC37E321A831}
		{88C57FEC-08DE-3633-88C6-4222FAF9AEAB} = {88C57FEC-08DE-3633-88C6-4222FAF9AEAB}
		{BB6EAE4D-0379-3A50-ABCB-B00A48F74AEB} = {BB6EAE4D-0379-3A50-ABCB-B00A48F74AEB}
		{9CF9EA3E-4854-373B-8DCD-B1D351D537E5} = {9CF9EA3E-4854-373B-8DCD-B1D351D537E5}
	EndProjectSection
EndProject
Project("{8BC9CEB8-8B4A-11D0-8D11-00A0C91BC942}") = "libslic3r_project_history", "libslic3r\libslic3r_project_history.vcxproj", "{A187817D-B4B9-3065-90D0-718EA0DBCA62}"
	ProjectSection(ProjectDependencies) = postProject
		{ECD38AC2-1438-39D5-8661-0D3BBA7D9222} = {ECD38AC2-1438-39D5-8661-0D3BBA7D9222}
	EndProjectSection
EndProject
Project("{8BC9CEB8-8B4A-11D0-8D11-00A0C91BC942}") = "mcut", "mcut\mcut.vcxproj", "{163F8B09-4318-30A4-9BDD-B46156CFC7D9}"
	ProjectSection(ProjectDependencies) = postProject
		{ECD38AC2-1438-39D5-8661-0D3BBA7D9222} = {ECD38AC2-1438-39D5-8661-0D3BBA7D9222}
	EndProjectSection
EndProject
Project("{8BC9CEB8-8B4A-11D0-8D11-00A0C91BC942}") = "minilzo_static", "minilzo\minilzo_static.vcxproj", "{D811260D-893C-3F50-8511-AF22326C5607}"
	ProjectSection(ProjectDependencies) = postProject
		{ECD38AC2-1438-39D5-8661-0D3BBA7D9222} = {ECD38AC2-1438-39D5-8661-0D3BBA7D9222}
	EndProjectSection
EndProject
Project("{8BC9CEB8-8B4A-11D0-8D11-00A0C91BC942}") = "miniz_static", "miniz\miniz_static.vcxproj", "{3E0E7662-B697-34BE-AD12-EC37E321A831}"
	ProjectSection(ProjectDependencies) = postProject
		{ECD38AC2-1438-39D5-8661-0D3BBA7D9222} = {ECD38AC2-1438-39D5-8661-0D3BBA7D9222}
	EndProjectSection
EndProject
Project("{8BC9CEB8-8B4A-11D0-8D11-00A0C91BC942}") = "nowide", "boost\nowide.vcxproj", "{88C57FEC-08DE-3633-88C6-4222FAF9AEAB}"
	ProjectSection(ProjectDependencies) = postProject
		{ECD38AC2-1438-39D5-8661-0D3BBA7D9222} = {ECD38AC2-1438-39D5-8661-0D3BBA7D9222}
	EndProjectSection
EndProject
Project("{8BC9CEB8-8B4A-11D0-8D11-00A0C91BC942}") = "qhullstatic", "qhull\qhullstatic.vcxproj", "{BB6EAE4D-0379-3A50-ABCB-B00A48F74AEB}"
	ProjectSection(ProjectDependencies) = postProject
		{ECD38AC2-1438-39D5-8661-0D3BBA7D9222} = {ECD38AC2-1438-39D5-8661-0D3BBA7D9222}
	EndProjectSection
EndProject
Project("{8BC9CEB8-8B4A-11D0-8D11-00A0C91BC942}") = "semver", "semver\semver.vcxproj", "{9CF9EA3E-4854-373B-8DCD-B1D351D537E5}"
	ProjectSection(ProjectDependencies) = postProject
		{ECD38AC2-1438-39D5-8661-0D3BBA7D9222} = {ECD38AC2-1438-39D5-8661-0D3BBA7D9222}
	EndProjectSection
EndProject
Global
	GlobalSection(SolutionConfigurationPlatforms) = preSolution
		Debug|x64 = Debug|x64
		MinSizeRel|x64 = MinSizeRel|x64
		Release|x64 = Release|x64
		RelWithDebInfo|x64 = RelWithDebInfo|x64
	EndGlobalSection
	GlobalSection(ProjectConfigurationPlatforms) = postSolution
		{1D3DE22A-95D5-3704-8413-7A2240A44195}.Debug|x64.ActiveCfg = Debug|x64
		{1D3DE22A-95D5-3704-8413-7A2240A44195}.Debug|x64.Build.0 = Debug|x64
		{1D3DE22A-95D5-3704-8413-7A2240A44195}.MinSizeRel|x64.ActiveCfg = MinSizeRel|x64
		{1D3DE22A-95D5-3704-8413-7A2240A44195}.MinSizeRel|x64.Build.0 = MinSizeRel|x64
		{1D3DE22A-95D5-3704-8413-7A2240A44195}.Release|x64.ActiveCfg = Release|x64
		{1D3DE22A-95D5-3704-8413-7A2240A44195}.Release|x64.Build.0 = Release|x64
		{1D3DE22A-95D5-3704-8413-7A2240A44195}.RelWithDebInfo|x64.ActiveCfg = RelWithDebInfo|x64
		{1D3DE22A-95D5-3704-8413-7A2240A44195}.RelWithDebInfo|x64.Build.0 = RelWithDebInfo|x64
		{908E0118-0A79-3726-82D2-C9CDC27DDC2C}.Debug|x64.ActiveCfg = Debug|x64
		{908E0118-0A79-3726-82D2-C9CDC27DDC2C}.Debug|x64.Build.0 = Debug|x64
		{908E0118-0A79-3726-82D2-C9CDC27DDC2C}.MinSizeRel|x64.ActiveCfg = MinSizeRel|x64
		{908E0118-0A79-3726-82D2-C9CDC27DDC2C}.MinSizeRel|x64.Build.0 = MinSizeRel|x64
		{908E0118-0A79-3726-82D2-C9CDC27DDC2C}.Release|x64.ActiveCfg = Release|x64
		{908E0118-0A79-3726-82D2-C9CDC27DDC2C}.Release|x64.Build.0 = Release|x64
		{908E0118-0A79-3726-82D2-C9CDC27DDC2C}.RelWithDebInfo|x64.ActiveCfg = RelWithDebInfo|x64
		{908E0118-0A79-3726-82D2-C9CDC27DDC2C}.RelWithDebInfo|x64.Build.0 = RelWithDebInfo|x64
		{0EB06CAB-86A1-30EB-8961-D4E8CFFB9ADB}.Debug|x64.ActiveCfg = Debug|x64
		{0EB06CAB-86A1-30EB-8961-D4E8CFFB9ADB}.Debug|x64.Build.0 = Debug|x64
		{0EB06CAB-86A1-30EB-8961-D4E8CFFB9ADB}.MinSizeRel|x64.ActiveCfg = MinSizeRel|x64
		{0EB06CAB-86A1-30EB-8961-D4E8CFFB9ADB}.MinSizeRel|x64.Build.0 = MinSizeRel|x64
		{0EB06CAB-86A1-30EB-8961-D4E8CFFB9ADB}.Release|x64.ActiveCfg = Release|x64
		{0EB06CAB-86A1-30EB-8961-D4E8CFFB9ADB}.Release|x64.Build.0 = Release|x64
		{0EB06CAB-86A1-30EB-8961-D4E8CFFB9ADB}.RelWithDebInfo|x64.ActiveCfg = RelWithDebInfo|x64
		{0EB06CAB-86A1-30EB-8961-D4E8CFFB9ADB}.RelWithDebInfo|x64.Build.0 = RelWithDebInfo|x64
		{4B422746-C2D0-30CB-B498-B0E6D1DE71E4}.Debug|x64.ActiveCfg = Debug|x64
		{4B422746-C2D0-30CB-B498-B0E6D1DE71E4}.Debug|x64.Build.0 = Debug|x64
		{4B422746-C2D0-30CB-B498-B0E6D1DE71E4}.MinSizeRel|x64.ActiveCfg = MinSizeRel|x64
		{4B422746-C2D0-30CB-B498-B0E6D1DE71E4}.MinSizeRel|x64.Build.0 = MinSizeRel|x64
		{4B422746-C2D0-30CB-B498-B0E6D1DE71E4}.Release|x64.ActiveCfg = Release|x64
		{4B422746-C2D0-30CB-B498-B0E6D1DE71E4}.Release|x64.Build.0 = Release|x64
		{4B422746-C2D0-30CB-B498-B0E6D1DE71E4}.RelWithDebInfo|x64.ActiveCfg = RelWithDebInfo|x64
		{4B422746-C2D0-30CB-B498-B0E6D1DE71E4}.RelWithDebInfo|x64.Build.0 = RelWithDebInfo|x64
		{39C7AF86-6A2E-39D5-95D3-29BE22D02C41}.Debug|x64.ActiveCfg = Debug|x64
		{39C7AF86-6A2E-39D5-95D3-29BE22D02C41}.Debug|x64.Build.0 = Debug|x64
		{39C7AF86-6A2E-39D5-95D3-29BE22D02C41}.MinSizeRel|x64.ActiveCfg = MinSizeRel|x64
		{39C7AF86-6A2E-39D5-95D3-29BE22D02C41}.MinSizeRel|x64.Build.0 = MinSizeRel|x64
		{39C7AF86-6A2E-39D5-95D3-29BE22D02C41}.Release|x64.ActiveCfg = Release|x64
		{39C7AF86-6A2E-39D5-95D3-29BE22D02C41}.Release|x64.Build.0 = Release|x64
		{39C7AF86-6A2E-39D5-95D3-29BE22D02C41}.RelWithDebInfo|x64.ActiveCfg = RelWithDebInfo|x64
		{39C7AF86-6A2E-39D5-95D3-29BE22D02C41}.RelWithDebInfo|x64.Build.0 = RelWithDebInfo|x64
		{B5990FCA-F2C1-391C-B4D2-48F14EF48BBC}.Debug|x64.ActiveCfg = Debug|x64
		{B5990FCA-F2C1-391C-B4D2-48F14EF48BBC}.MinSizeRel|x64.ActiveCfg = MinSizeRel|x64
		{B5990FCA-F2C1-391C-B4D2-48F14EF48BBC}.Release|x64.ActiveCfg = Release|x64
		{B5990FCA-F2C1-391C-B4D2-48F14EF48BBC}.RelWithDebInfo|x64.ActiveCfg = RelWithDebInfo|x64
		{C8A8CD9E-EE81-36CB-8B27-8AEB34FE58B9}.Debug|x64.ActiveCfg = Debug|x64
		{C8A8CD9E-EE81-36CB-8B27-8AEB34FE58B9}.MinSizeRel|x64.ActiveCfg = MinSizeRel|x64
		{C8A8CD9E-EE81-36CB-8B27-8AEB34FE58B9}.Release|x64.ActiveCfg = Release|x64
		{C8A8CD9E-EE81-36CB-8B27-8AEB34FE58B9}.RelWithDebInfo|x64.ActiveCfg = RelWithDebInfo|x64
		{16A7A38E-0182-30FD-B958-80EAA2A26ABF}.Debug|x64.ActiveCfg = Debug|x64
		{16A7A38E-0182-30FD-B958-80EAA2A26ABF}.MinSizeRel|x64.ActiveCfg = MinSizeRel|x64
		{16A7A38E-0182-30FD-B958-80EAA2A26ABF}.Release|x64.ActiveCfg = Release|x64
		{16A7A38E-0182-30FD-B958-80EAA2A26ABF}.RelWithDebInfo|x64.ActiveCfg = RelWithDebInfo|x64
		{00AFC46A-44B0-3188-994B-B2E3FA4E634D}.Debug|x64.ActiveCfg = Debug|x64
		{00AFC46A-44B0-3188-994B-B2E3FA4E634D}.Debug|x64.Build.0 = Debug|x64
		{00AFC46A-44B0-3188-994B-B2E3FA4E634D}.MinSizeRel|x64.ActiveCfg = MinSizeRel|x64
		{00AFC46A-44B0-3188-994B-B2E3FA4E634D}.MinSizeRel|x64.Build.0 = MinSizeRel|x64
		{00AFC46A-44B0-3188-994B-B2E3FA4E634D}.Release|x64.ActiveCfg = Release|x64
		{00AFC46A-44B0-3188-994B-B2E3FA4E634D}.Release|x64.Build.0 = Release|x64
		{00AFC46A-44B0-3188-994B-B2E3FA4E634D}.RelWithDebInfo|x64.ActiveCfg = RelWithDebInfo|x64
		{00AFC46A-44B0-3188-994B-B2E3FA4E634D}.RelWithDebInfo|x64.Build.0 = RelWithDebInfo|x64
		{ECD38AC2-1438-39D5-8661-0D3BBA7D9222}.Debug|x64.ActiveCfg = Debug|x64
		{ECD38AC2-1438-39D5-8661-0D3BBA7D9222}.Debug|x64.Build.0 = Debug|x64
		{ECD38AC2-1438-39D5-8661-0D3BBA7D9222}.MinSizeRel|x64.ActiveCfg = MinSizeRel|x64
		{ECD38AC2-1438-39D5-8661-0D3BBA7D9222}.MinSizeRel|x64.Build.0 = MinSizeRel|x64
		{ECD38AC2-1438-39D5-8661-0D3BBA7D9222}.Release|x64.ActiveCfg = Release|x64
		{ECD38AC2-1438-39D5-8661-0D3BBA7D9222}.Release|x64.Build.0 = Release|x64
		{ECD38AC2-1438-39D5-8661-0D3BBA7D9222}.RelWithDebInfo|x64.ActiveCfg = RelWithDebInfo|x64
		{ECD38AC2-1438-39D5-8661-0D3BBA7D9222}.RelWithDebInfo|x64.Build.0 = RelWithDebInfo|x64
		{93F198F3-E56E-3B96-A3AC-A42229A13C63}.Debug|x64.ActiveCfg = Debug|x64
		{93F198F3-E56E-3B96-A3AC-A42229A13C63}.Debug|x64.Build.0 = Debug|x64
		{93F198F3-E56E-3B96-A3AC-A42229A13C63}.MinSizeRel|x64.ActiveCfg = MinSizeRel|x64
		{93F198F3-E56E-3B96-A3AC-A42229A13C63}.MinSizeRel|x64.Build.0 = MinSizeRel|x64
		{93F198F3-E56E-3B96-A3AC-A42229A13C63}.Release|x64.ActiveCfg = Release|x64
		{93F198F3-E56E-3B96-A3AC-A42229A13C63}.Release|x64.Build.0 = Release|x64
		{93F198F3-E56E-3B96-A3AC-A42229A13C63}.RelWithDebInfo|x64.ActiveCfg = RelWithDebInfo|x64
		{93F198F3-E56E-3B96-A3AC-A42229A13C63}.RelWithDebInfo|x64.Build.0 = RelWithDebInfo|x64
		{DF9A239B-308B-31A2-A0E5-F2526202F25D}.Debug|x64.ActiveCfg = Debug|x64
		{DF9A239B-308B-31A2-A0E5-F2526202F25D}.Debug|x64.Build.0 = Debug|x64
		{DF9A239B-308B-31A2-A0E5-F2526202F25D}.MinSizeRel|x64.ActiveCfg = MinSizeRel|x64
		{DF9A239B-308B-31A2-A0E5-F2526202F25D}.MinSizeRel|x64.Build.0 = MinSizeRel|x64
		{DF9A239B-308B-31A2-A0E5-F2526202F25D}.Release|x64.ActiveCfg = Release|x64
		{DF9A239B-308B-31A2-A0E5-F2526202F25D}.Release|x64.Build.0 = Release|x64
		{DF9A239B-308B-31A2-A0E5-F2526202F25D}.RelWithDebInfo|x64.ActiveCfg = RelWithDebInfo|x64
		{DF9A239B-308B-31A2-A0E5-F2526202F25D}.RelWithDebInfo|x64.Build.0 = RelWithDebInfo|x64
		{77B246DB-F475-3C88-A14B-73F5FD083541}.Debug|x64.ActiveCfg = Debug|x64
		{77B246DB-F475-3C88-A14B-73F5FD083541}.Debug|x64.Build.0 = Debug|x64
		{77B246DB-F475-3C88-A14B-73F5FD083541}.MinSizeRel|x64.ActiveCfg = MinSizeRel|x64
		{77B246DB-F475-3C88-A14B-73F5FD083541}.MinSizeRel|x64.Build.0 = MinSizeRel|x64
		{77B246DB-F475-3C88-A14B-73F5FD083541}.Release|x64.ActiveCfg = Release|x64
		{77B246DB-F475-3C88-A14B-73F5FD083541}.Release|x64.Build.0 = Release|x64
		{77B246DB-F475-3C88-A14B-73F5FD083541}.RelWithDebInfo|x64.ActiveCfg = RelWithDebInfo|x64
		{77B246DB-F475-3C88-A14B-73F5FD083541}.RelWithDebInfo|x64.Build.0 = RelWithDebInfo|x64
		{6FA9C23C-9790-37B3-A48B-64576D3027B1}.Debug|x64.ActiveCfg = Debug|x64
		{6FA9C23C-9790-37B3-A48B-64576D3027B1}.Debug|x64.Build.0 = Debug|x64
		{6FA9C23C-9790-37B3-A48B-64576D3027B1}.MinSizeRel|x64.ActiveCfg = MinSizeRel|x64
		{6FA9C23C-9790-37B3-A48B-64576D3027B1}.MinSizeRel|x64.Build.0 = MinSizeRel|x64
		{6FA9C23C-9790-37B3-A48B-64576D3027B1}.Release|x64.ActiveCfg = Release|x64
		{6FA9C23C-9790-37B3-A48B-64576D3027B1}.Release|x64.Build.0 = Release|x64
		{6FA9C23C-9790-37B3-A48B-64576D3027B1}.RelWithDebInfo|x64.ActiveCfg = RelWithDebInfo|x64
		{6FA9C23C-9790-37B3-A48B-64576D3027B1}.RelWithDebInfo|x64.Build.0 = RelWithDebInfo|x64
		{0D1DB116-F552-36A3-BEAD-CD7126DF6587}.Debug|x64.ActiveCfg = Debug|x64
		{0D1DB116-F552-36A3-BEAD-CD7126DF6587}.Debug|x64.Build.0 = Debug|x64
		{0D1DB116-F552-36A3-BEAD-CD7126DF6587}.MinSizeRel|x64.ActiveCfg = MinSizeRel|x64
		{0D1DB116-F552-36A3-BEAD-CD7126DF6587}.MinSizeRel|x64.Build.0 = MinSizeRel|x64
		{0D1DB116-F552-36A3-BEAD-CD7126DF6587}.Release|x64.ActiveCfg = Release|x64
		{0D1DB116-F552-36A3-BEAD-CD7126DF6587}.Release|x64.Build.0 = Release|x64
		{0D1DB116-F552-36A3-BEAD-CD7126DF6587}.RelWithDebInfo|x64.ActiveCfg = RelWithDebInfo|x64
		{0D1DB116-F552-36A3-BEAD-CD7126DF6587}.RelWithDebInfo|x64.Build.0 = RelWithDebInfo|x64
		{6F34F02B-E3E7-3972-8A98-54B610BCD008}.Debug|x64.ActiveCfg = Debug|x64
		{6F34F02B-E3E7-3972-8A98-54B610BCD008}.Debug|x64.Build.0 = Debug|x64
		{6F34F02B-E3E7-3972-8A98-54B610BCD008}.MinSizeRel|x64.ActiveCfg = MinSizeRel|x64
		{6F34F02B-E3E7-3972-8A98-54B610BCD008}.MinSizeRel|x64.Build.0 = MinSizeRel|x64
		{6F34F02B-E3E7-3972-8A98-54B610BCD008}.Release|x64.ActiveCfg = Release|x64
		{6F34F02B-E3E7-3972-8A98-54B610BCD008}.Release|x64.Build.0 = Release|x64
		{6F34F02B-E3E7-3972-8A98-54B610BCD008}.RelWithDebInfo|x64.ActiveCfg = RelWithDebInfo|x64
		{6F34F02B-E3E7-3972-8A98-54B610BCD008}.RelWithDebInfo|x64.Build.0 = RelWithDebInfo|x64
		{74E37C9D-C302-3E6A-8DEC-3293A82B51A9}.Debug|x64.ActiveCfg = Debug|x64
		{74E37C9D-C302-3E6A-8DEC-3293A82B51A9}.Debug|x64.Build.0 = Debug|x64
		{74E37C9D-C302-3E6A-8DEC-3293A82B51A9}.MinSizeRel|x64.ActiveCfg = MinSizeRel|x64
		{74E37C9D-C302-3E6A-8DEC-3293A82B51A9}.MinSizeRel|x64.Build.0 = MinSizeRel|x64
		{74E37C9D-C302-3E6A-8DEC-3293A82B51A9}.Release|x64.ActiveCfg = Release|x64
		{74E37C9D-C302-3E6A-8DEC-3293A82B51A9}.Release|x64.Build.0 = Release|x64
		{74E37C9D-C302-3E6A-8DEC-3293A82B51A9}.RelWithDebInfo|x64.ActiveCfg = RelWithDebInfo|x64
		{74E37C9D-C302-3E6A-8DEC-3293A82B51A9}.RelWithDebInfo|x64.Build.0 = RelWithDebInfo|x64
		{B0C9D945-B400-3440-82C5-71554EB8B907}.Debug|x64.ActiveCfg = Debug|x64
		{B0C9D945-B400-3440-82C5-71554EB8B907}.Debug|x64.Build.0 = Debug|x64
		{B0C9D945-B400-3440-82C5-71554EB8B907}.MinSizeRel|x64.ActiveCfg = MinSizeRel|x64
		{B0C9D945-B400-3440-82C5-71554EB8B907}.MinSizeRel|x64.Build.0 = MinSizeRel|x64
		{B0C9D945-B400-3440-82C5-71554EB8B907}.Release|x64.ActiveCfg = Release|x64
		{B0C9D945-B400-3440-82C5-71554EB8B907}.Release|x64.Build.0 = Release|x64
		{B0C9D945-B400-3440-82C5-71554EB8B907}.RelWithDebInfo|x64.ActiveCfg = RelWithDebInfo|x64
		{B0C9D945-B400-3440-82C5-71554EB8B907}.RelWithDebInfo|x64.Build.0 = RelWithDebInfo|x64
		{B933F17E-770C-30C7-B765-4B38340D45AC}.Debug|x64.ActiveCfg = Debug|x64
		{B933F17E-770C-30C7-B765-4B38340D45AC}.Debug|x64.Build.0 = Debug|x64
		{B933F17E-770C-30C7-B765-4B38340D45AC}.MinSizeRel|x64.ActiveCfg = MinSizeRel|x64
		{B933F17E-770C-30C7-B765-4B38340D45AC}.MinSizeRel|x64.Build.0 = MinSizeRel|x64
		{B933F17E-770C-30C7-B765-4B38340D45AC}.Release|x64.ActiveCfg = Release|x64
		{B933F17E-770C-30C7-B765-4B38340D45AC}.Release|x64.Build.0 = Release|x64
		{B933F17E-770C-30C7-B765-4B38340D45AC}.RelWithDebInfo|x64.ActiveCfg = RelWithDebInfo|x64
		{B933F17E-770C-30C7-B765-4B38340D45AC}.RelWithDebInfo|x64.Build.0 = RelWithDebInfo|x64
		{75232CA9-B83E-33CC-B963-4A00F2A268A4}.Debug|x64.ActiveCfg = Debug|x64
		{75232CA9-B83E-33CC-B963-4A00F2A268A4}.Debug|x64.Build.0 = Debug|x64
		{75232CA9-B83E-33CC-B963-4A00F2A268A4}.MinSizeRel|x64.ActiveCfg = MinSizeRel|x64
		{75232CA9-B83E-33CC-B963-4A00F2A268A4}.MinSizeRel|x64.Build.0 = MinSizeRel|x64
		{75232CA9-B83E-33CC-B963-4A00F2A268A4}.Release|x64.ActiveCfg = Release|x64
		{75232CA9-B83E-33CC-B963-4A00F2A268A4}.Release|x64.Build.0 = Release|x64
		{75232CA9-B83E-33CC-B963-4A00F2A268A4}.RelWithDebInfo|x64.ActiveCfg = RelWithDebInfo|x64
		{75232CA9-B83E-33CC-B963-4A00F2A268A4}.RelWithDebInfo|x64.Build.0 = RelWithDebInfo|x64
		{C8B52BEE-B288-3271-822A-13B5AC90613A}.Debug|x64.ActiveCfg = Debug|x64
		{C8B52BEE-B288-3271-822A-13B5AC90613A}.Debug|x64.Build.0 = Debug|x64
		{C8B52BEE-B288-3271-822A-13B5AC90613A}.MinSizeRel|x64.ActiveCfg = MinSizeRel|x64
		{C8B52BEE-B288-3271-822A-13B5AC90613A}.MinSizeRel|x64.Build.0 = MinSizeRel|x64
		{C8B52BEE-B288-3271-822A-13B5AC90613A}.Release|x64.ActiveCfg = Release|x64
		{C8B52BEE-B288-3271-822A-13B5AC90613A}.Release|x64.Build.0 = Release|x64
		{C8B52BEE-B288-3271-822A-13B5AC90613A}.RelWithDebInfo|x64.ActiveCfg = RelWithDebInfo|x64
		{C8B52BEE-B288-3271-822A-13B5AC90613A}.RelWithDebInfo|x64.Build.0 = RelWithDebInfo|x64
		{07C97565-42AC-3AAD-9B86-55102603CCCB}.Debug|x64.ActiveCfg = Debug|x64
		{07C97565-42AC-3AAD-9B86-55102603CCCB}.Debug|x64.Build.0 = Debug|x64
		{07C97565-42AC-3AAD-9B86-55102603CCCB}.MinSizeRel|x64.ActiveCfg = MinSizeRel|x64
		{07C97565-42AC-3AAD-9B86-55102603CCCB}.MinSizeRel|x64.Build.0 = MinSizeRel|x64
		{07C97565-42AC-3AAD-9B86-55102603CCCB}.Release|x64.ActiveCfg = Release|x64
		{07C97565-42AC-3AAD-9B86-55102603CCCB}.Release|x64.Build.0 = Release|x64
		{07C97565-42AC-3AAD-9B86-55102603CCCB}.RelWithDebInfo|x64.ActiveCfg = RelWithDebInfo|x64
		{07C97565-42AC-3AAD-9B86-55102603CCCB}.RelWithDebInfo|x64.Build.0 = RelWithDebInfo|x64
		{A187817D-B4B9-3065-90D0-718EA0DBCA62}.Debug|x64.ActiveCfg = Debug|x64
		{A187817D-B4B9-3065-90D0-718EA0DBCA62}.Debug|x64.Build.0 = Debug|x64
		{A187817D-B4B9-3065-90D0-718EA0DBCA62}.MinSizeRel|x64.ActiveCfg = MinSizeRel|x64
		{A187817D-B4B9-3065-90D0-718EA0DBCA62}.MinSizeRel|x64.Build.0 = MinSizeRel|x64
		{A187817D-B4B9-3065-90D0-718EA0DBCA62}.Release|x64.ActiveCfg = Release|x64
		{A187817D-B4B9-3065-90D0-718EA0DBCA62}.Release|x64.Build.0 = Release|x64
		{A187817D-B4B9-3065-90D0-718EA0DBCA62}.RelWithDebInfo|x64.ActiveCfg = RelWithDebInfo|x64
		{A187817D-B4B9-3065-90D0-718EA0DBCA62}.RelWithDebInfo|x64.Build.0 = RelWithDebInfo|x64
		{163F8B09-4318-30A4-9BDD-B46156CFC7D9}.Debug|x64.ActiveCfg = Debug|x64
		{163F8B09-4318-30A4-9BDD-B46156CFC7D9}.Debug|x64.Build.0 = Debug|x64
		{163F8B09-4318-30A4-9BDD-B46156CFC7D9}.MinSizeRel|x64.ActiveCfg = MinSizeRel|x64
		{163F8B09-4318-30A4-9BDD-B46156CFC7D9}.MinSizeRel|x64.Build.0 = MinSizeRel|x64
		{163F8B09-4318-30A4-9BDD-B46156CFC7D9}.Release|x64.ActiveCfg = Release|x64
		{163F8B09-4318-30A4-9BDD-B46156CFC7D9}.Release|x64.Build.0 = Release|x64
		{163F8B09-4318-30A4-9BDD-B46156CFC7D9}.RelWithDebInfo|x64.ActiveCfg = RelWithDebInfo|x64
		{163F8B09-4318-30A4-9BDD-B46156CFC7D9}.RelWithDebInfo|x64.Build.0 = RelWithDebInfo|x64
		{D811260D-893C-3F50-8511-AF22326C5607}.Debug|x64.ActiveCfg = Debug|x64
		{D811260D-893C-3F50-8511-AF22326C5607}.Debug|x64.Build.0 = Debug|x64
		{D811260D-893C-3F50-8511-AF22326C5607}.MinSizeRel|x64.ActiveCfg = MinSizeRel|x64
		{D811260D-893C-3F50-8511-AF22326C5607}.MinSizeRel|x64.Build.0 = MinSizeRel|x64
		{D811260D-893C-3F50-8511-AF22326C5607}.Release|x64.ActiveCfg = Release|x64
		{D811260D-893C-3F50-8511-AF22326C5607}.Release|x64.Build.0 = Release|x64
		{D811260D-893C-3F50-8511-AF22326C5607}.RelWithDebInfo|x64.ActiveCfg = RelWithDebInfo|x64
		{D811260D-893C-3F50-8511-AF22326C5607}.RelWithDebInfo|x64.Build.0 = RelWithDebInfo|x64
		{3E0E7662-B697-34BE-AD12-EC37E321A831}.Debug|x64.ActiveCfg = Debug|x64
		{3E0E7662-B697-34BE-AD12-EC37E321A831}.Debug|x64.Build.0 = Debug|x64
		{3E0E7662-B697-34BE-AD12-EC37E321A831}.MinSizeRel|x64.ActiveCfg = MinSizeRel|x64
		{3E0E7662-B697-34BE-AD12-EC37E321A831}.MinSizeRel|x64.Build.0 = MinSizeRel|x64
		{3E0E7662-B697-34BE-AD12-EC37E321A831}.Release|x64.ActiveCfg = Release|x64
		{3E0E7662-B697-34BE-AD12-EC37E321A831}.Release|x64.Build.0 = Release|x64
		{3E0E7662-B697-34BE-AD12-EC37E321A831}.RelWithDebInfo|x64.ActiveCfg = RelWithDebInfo|x64
		{3E0E7662-B697-34BE-AD12-EC37E321A831}.RelWithDebInfo|x64.Build.0 = RelWithDebInfo|x64
		{88C57FEC-08DE-3633-88C6-4222FAF9AEAB}.Debug|x64.ActiveCfg = Debug|x64
		{88C57FEC-08DE-3633-88C6-4222FAF9AEAB}.Debug|x64.Build.0 = Debug|x64
		{88C57FEC-08DE-3633-88C6-4222FAF9AEAB}.MinSizeRel|x64.ActiveCfg = MinSizeRel|x64
		{88C57FEC-08DE-3633-88C6-4222FAF9AEAB}.MinSizeRel|x64.Build.0 = MinSizeRel|x64
		{88C57FEC-08DE-3633-88C6-4222FAF9AEAB}.Release|x64.ActiveCfg = Release|x64
		{88C57FEC-08DE-3633-88C6-4222FAF9AEAB}.Release|x64.Build.0 = Release|x64
		{88C57FEC-08DE-3633-88C6-4222FAF9AEAB}.RelWithDebInfo|x64.ActiveCfg = RelWithDebInfo|x64
		{88C57FEC-08DE-3633-88C6-4222FAF9AEAB}.RelWithDebInfo|x64.Build.0 = RelWithDebInfo|x64
		{BB6EAE4D-0379-3A50-ABCB-B00A48F74AEB}.Debug|x64.ActiveCfg = Debug|x64
		{BB6EAE4D-0379-3A50-ABCB-B00A48F74AEB}.Debug|x64.Build.0 = Debug|x64
		{BB6EAE4D-0379-3A50-ABCB-B00A48F74AEB}.MinSizeRel|x64.ActiveCfg = MinSizeRel|x64
		{BB6EAE4D-0379-3A50-ABCB-B00A48F74AEB}.MinSizeRel|x64.Build.0 = MinSizeRel|x64
		{BB6EAE4D-0379-3A50-ABCB-B00A48F74AEB}.Release|x64.ActiveCfg = Release|x64
		{BB6EAE4D-0379-3A50-ABCB-B00A48F74AEB}.Release|x64.Build.0 = Release|x64
		{BB6EAE4D-0379-3A50-ABCB-B00A48F74AEB}.RelWithDebInfo|x64.ActiveCfg = RelWithDebInfo|x64
		{BB6EAE4D-0379-3A50-ABCB-B00A48F74AEB}.RelWithDebInfo|x64.Build.0 = RelWithDebInfo|x64
		{9CF9EA3E-4854-373B-8DCD-B1D351D537E5}.Debug|x64.ActiveCfg = Debug|x64
		{9CF9EA3E-4854-373B-8DCD-B1D351D537E5}.Debug|x64.Build.0 = Debug|x64
		{9CF9EA3E-4854-373B-8DCD-B1D351D537E5}.MinSizeRel|x64.ActiveCfg = MinSizeRel|x64
		{9CF9EA3E-4854-373B-8DCD-B1D351D537E5}.MinSizeRel|x64.Build.0 = MinSizeRel|x64
		{9CF9EA3E-4854-373B-8DCD-B1D351D537E5}.Release|x64.ActiveCfg = Release|x64
		{9CF9EA3E-4854-373B-8DCD-B1D351D537E5}.Release|x64.Build.0 = Release|x64
		{9CF9EA3E-4854-373B-8DCD-B1D351D537E5}.RelWithDebInfo|x64.ActiveCfg = RelWithDebInfo|x64
		{9CF9EA3E-4854-373B-8DCD-B1D351D537E5}.RelWithDebInfo|x64.Build.0 = RelWithDebInfo|x64
	EndGlobalSection
	GlobalSection(ExtensibilityGlobals) = postSolution
		SolutionGuid = {C40323AE-D42A-34A3-BE74-06A8A4A2AC1D}
	EndGlobalSection
	GlobalSection(ExtensibilityAddIns) = postSolution
	EndGlobalSection
EndGlobal
