<?xml version="1.0" encoding="utf-8"?>
<Project ToolsVersion="17.0" xmlns="http://schemas.microsoft.com/developer/msbuild/2003">
  <ItemGroup>
    <ClCompile Include="C:\Users\Administrator\Documents\GitHub\BambuStudio\src\boost\nowide\iostream.cpp">
      <Filter>Source Files</Filter>
    </ClCompile>
  </ItemGroup>
  <ItemGroup>
    <ClInclude Include="C:\Users\Administrator\Documents\GitHub\BambuStudio\src\boost\nowide\args.hpp">
      <Filter>Header Files</Filter>
    </ClInclude>
    <ClInclude Include="C:\Users\Administrator\Documents\GitHub\BambuStudio\src\boost\nowide\cenv.hpp">
      <Filter>Header Files</Filter>
    </ClInclude>
    <ClInclude Include="C:\Users\Administrator\Documents\GitHub\BambuStudio\src\boost\nowide\config.hpp">
      <Filter>Header Files</Filter>
    </ClInclude>
    <ClInclude Include="C:\Users\Administrator\Documents\GitHub\BambuStudio\src\boost\nowide\convert.hpp">
      <Filter>Header Files</Filter>
    </ClInclude>
    <ClInclude Include="C:\Users\Administrator\Documents\GitHub\BambuStudio\src\boost\nowide\cstdio.hpp">
      <Filter>Header Files</Filter>
    </ClInclude>
    <ClInclude Include="C:\Users\Administrator\Documents\GitHub\BambuStudio\src\boost\nowide\cstdlib.hpp">
      <Filter>Header Files</Filter>
    </ClInclude>
    <ClInclude Include="C:\Users\Administrator\Documents\GitHub\BambuStudio\src\boost\nowide\filebuf.hpp">
      <Filter>Header Files</Filter>
    </ClInclude>
    <ClInclude Include="C:\Users\Administrator\Documents\GitHub\BambuStudio\src\boost\nowide\fstream.hpp">
      <Filter>Header Files</Filter>
    </ClInclude>
    <ClInclude Include="C:\Users\Administrator\Documents\GitHub\BambuStudio\src\boost\nowide\integration\filesystem.hpp">
      <Filter>Header Files</Filter>
    </ClInclude>
    <ClInclude Include="C:\Users\Administrator\Documents\GitHub\BambuStudio\src\boost\nowide\iostream.hpp">
      <Filter>Header Files</Filter>
    </ClInclude>
    <ClInclude Include="C:\Users\Administrator\Documents\GitHub\BambuStudio\src\boost\nowide\stackstring.hpp">
      <Filter>Header Files</Filter>
    </ClInclude>
    <ClInclude Include="C:\Users\Administrator\Documents\GitHub\BambuStudio\src\boost\nowide\system.hpp">
      <Filter>Header Files</Filter>
    </ClInclude>
    <ClInclude Include="C:\Users\Administrator\Documents\GitHub\BambuStudio\src\boost\nowide\utf8_codecvt.hpp">
      <Filter>Header Files</Filter>
    </ClInclude>
    <ClInclude Include="C:\Users\Administrator\Documents\GitHub\BambuStudio\src\boost\nowide\windows.hpp">
      <Filter>Header Files</Filter>
    </ClInclude>
  </ItemGroup>
  <ItemGroup>
    <CustomBuild Include="C:\Users\Administrator\Documents\GitHub\BambuStudio\src\boost\CMakeLists.txt" />
  </ItemGroup>
  <ItemGroup>
    <Filter Include="Header Files">
      <UniqueIdentifier>{68992DAA-4905-3472-A185-A37B20A3D05F}</UniqueIdentifier>
    </Filter>
    <Filter Include="Source Files">
      <UniqueIdentifier>{04F8C818-681C-3F20-BD3F-14480F026517}</UniqueIdentifier>
    </Filter>
  </ItemGroup>
</Project>
